
Microsoft Visual Studio Solution File, Format Version 12.00
Project("{FAE04EC0-301F-11D3-BF4B-00C04F79EFBC}") = "proxy_api", "proxy_api\proxy_api.csproj", "{E42034A2-63E7-481C-B37B-0E438C61B0B9}"
EndProject
Project("{2150E333-8FDC-42A3-9474-1A3956D46DE8}") = "Solution Items", "Solution Items", "{AD65DE9E-BA6F-48DF-AE7E-AFB7B12A5C81}"
	ProjectSection(SolutionItems) = preProject
		compose.yaml = compose.yaml
	EndProjectSection
EndProject
Global
	GlobalSection(SolutionConfigurationPlatforms) = preSolution
		Debug|Any CPU = Debug|Any CPU
		Release|Any CPU = Release|Any CPU
	EndGlobalSection
	GlobalSection(ProjectConfigurationPlatforms) = postSolution
		{E42034A2-63E7-481C-B37B-0E438C61B0B9}.Debug|Any CPU.ActiveCfg = Debug|Any CPU
		{E42034A2-63E7-481C-B37B-0E438C61B0B9}.Debug|Any CPU.Build.0 = Debug|Any CPU
		{E42034A2-63E7-481C-B37B-0E438C61B0B9}.Release|Any CPU.ActiveCfg = Release|Any CPU
		{E42034A2-63E7-481C-B37B-0E438C61B0B9}.Release|Any CPU.Build.0 = Release|Any CPU
	EndGlobalSection
EndGlobal
